
Microsoft Visual Studio Solution File, Format Version 12.00
# Visual Studio Version 17
VisualStudioVersion = 17.8.34330.188
MinimumVisualStudioVersion = 10.0.40219.1
Project("{FAE04EC0-301F-11D3-BF4B-00C04F79EFBC}") = "CNS V01", "CNS V01\CNS V01.csproj", "{2A2ED329-B57A-4E28-AA7B-BB0E960BF368}"
EndProject
Global
	GlobalSection(SolutionConfigurationPlatforms) = preSolution
		Debug|Any CPU = Debug|Any CPU
		Release|Any CPU = Release|Any CPU
	EndGlobalSection
	GlobalSection(ProjectConfigurationPlatforms) = postSolution
		{2A2ED329-B57A-4E28-AA7B-BB0E960BF368}.Debug|Any CPU.ActiveCfg = Debug|Any CPU
		{2A2ED329-B57A-4E28-AA7B-BB0E960BF368}.Debug|Any CPU.Build.0 = Debug|Any CPU
		{2A2ED329-B57A-4E28-AA7B-BB0E960BF368}.Release|Any CPU.ActiveCfg = Release|Any CPU
		{2A2ED329-B57A-4E28-AA7B-BB0E960BF368}.Release|Any CPU.Build.0 = Release|Any CPU
	EndGlobalSection
	GlobalSection(SolutionProperties) = preSolution
		HideSolutionNode = FALSE
	EndGlobalSection
	GlobalSection(ExtensibilityGlobals) = postSolution
		SolutionGuid = {FB355018-49C9-47EA-9FA7-275C390E0F90}
	EndGlobalSection
EndGlobal
